
Microsoft Visual Studio Solution File, Format Version 12.00
Project("{FAE04EC0-301F-11D3-BF4B-00C04F79EFBC}") = "Api", "src\Api\Api.csproj", "{3371B441-3EDA-44E0-A883-0F9C370A91C6}"
EndProject
Project("{2150E333-8FDC-42A3-9474-1A3956D46DE8}") = "src", "src", "{D904EF08-8914-40F7-960D-AFFB776D5771}"
EndProject
Project("{2150E333-8FDC-42A3-9474-1A3956D46DE8}") = "lib", "lib", "{4B90C1DB-6727-4C36-A6F8-D9DED2D80B80}"
EndProject
Project("{FAE04EC0-301F-11D3-BF4B-00C04F79EFBC}") = "AutoBackend.Sdk", "lib\AutoBackend.Sdk\AutoBackend.Sdk.csproj", "{8962946A-694E-47DD-8534-BAAAF073865C}"
EndProject
Project("{2150E333-8FDC-42A3-9474-1A3956D46DE8}") = "tests", "tests", "{03461C86-53DE-4246-B369-EDAFAAC99848}"
EndProject
Project("{FAE04EC0-301F-11D3-BF4B-00C04F79EFBC}") = "AutoBackend.Sdk.Tests", "tests\AutoBackend.Sdk.Tests\AutoBackend.Sdk.Tests.csproj", "{AA880E90-5BB0-4767-8C4F-B265D6E3D9DC}"
EndProject
Global
	GlobalSection(SolutionConfigurationPlatforms) = preSolution
		Debug|Any CPU = Debug|Any CPU
		Release|Any CPU = Release|Any CPU
	EndGlobalSection
	GlobalSection(ProjectConfigurationPlatforms) = postSolution
		{3371B441-3EDA-44E0-A883-0F9C370A91C6}.Debug|Any CPU.ActiveCfg = Debug|Any CPU
		{3371B441-3EDA-44E0-A883-0F9C370A91C6}.Debug|Any CPU.Build.0 = Debug|Any CPU
		{3371B441-3EDA-44E0-A883-0F9C370A91C6}.Release|Any CPU.ActiveCfg = Release|Any CPU
		{3371B441-3EDA-44E0-A883-0F9C370A91C6}.Release|Any CPU.Build.0 = Release|Any CPU
		{8962946A-694E-47DD-8534-BAAAF073865C}.Debug|Any CPU.ActiveCfg = Debug|Any CPU
		{8962946A-694E-47DD-8534-BAAAF073865C}.Debug|Any CPU.Build.0 = Debug|Any CPU
		{8962946A-694E-47DD-8534-BAAAF073865C}.Release|Any CPU.ActiveCfg = Release|Any CPU
		{8962946A-694E-47DD-8534-BAAAF073865C}.Release|Any CPU.Build.0 = Release|Any CPU
		{AA880E90-5BB0-4767-8C4F-B265D6E3D9DC}.Debug|Any CPU.ActiveCfg = Debug|Any CPU
		{AA880E90-5BB0-4767-8C4F-B265D6E3D9DC}.Debug|Any CPU.Build.0 = Debug|Any CPU
		{AA880E90-5BB0-4767-8C4F-B265D6E3D9DC}.Release|Any CPU.ActiveCfg = Release|Any CPU
		{AA880E90-5BB0-4767-8C4F-B265D6E3D9DC}.Release|Any CPU.Build.0 = Release|Any CPU
	EndGlobalSection
	GlobalSection(NestedProjects) = preSolution
		{3371B441-3EDA-44E0-A883-0F9C370A91C6} = {D904EF08-8914-40F7-960D-AFFB776D5771}
		{8962946A-694E-47DD-8534-BAAAF073865C} = {4B90C1DB-6727-4C36-A6F8-D9DED2D80B80}
		{AA880E90-5BB0-4767-8C4F-B265D6E3D9DC} = {03461C86-53DE-4246-B369-EDAFAAC99848}
	EndGlobalSection
EndGlobal
