
Microsoft Visual Studio Solution File, Format Version 12.00
Project("{2150E333-8FDC-42A3-9474-1A3956D46DE8}") = "src", "src", "{D904EF08-8914-40F7-960D-AFFB776D5771}"
EndProject
Project("{2150E333-8FDC-42A3-9474-1A3956D46DE8}") = "lib", "lib", "{4B90C1DB-6727-4C36-A6F8-D9DED2D80B80}"
EndProject
Project("{2150E333-8FDC-42A3-9474-1A3956D46DE8}") = "tests", "tests", "{03461C86-53DE-4246-B369-EDAFAAC99848}"
EndProject
Project("{FAE04EC0-301F-11D3-BF4B-00C04F79EFBC}") = "AutoBackend.Sdk.Tests", "tests\AutoBackend.Sdk.Tests\AutoBackend.Sdk.Tests.csproj", "{AA880E90-5BB0-4767-8C4F-B265D6E3D9DC}"
EndProject
Project("{2150E333-8FDC-42A3-9474-1A3956D46DE8}") = "samples", "samples", "{A699FC5D-6E34-4DFC-83E2-54B8FC5FD07A}"
EndProject
Project("{FAE04EC0-301F-11D3-BF4B-00C04F79EFBC}") = "AutoBackend.Sdk", "src\lib\AutoBackend.Sdk\AutoBackend.Sdk.csproj", "{ABFA1073-DEC6-4BA8-8E40-ABE8CD288C29}"
EndProject
Project("{FAE04EC0-301F-11D3-BF4B-00C04F79EFBC}") = "Sample", "src\samples\Sample\Sample.csproj", "{E597A803-AACE-4FFA-860B-975B16155FEB}"
EndProject
Project("{2150E333-8FDC-42A3-9474-1A3956D46DE8}") = "docs", "docs", "{8F16194C-EC14-48D4-BAF3-F72BB51594B4}"
EndProject
Project("{2150E333-8FDC-42A3-9474-1A3956D46DE8}") = "scripts", "scripts", "{AAF2A199-CCE1-40CA-BA51-F53464841964}"
	ProjectSection(SolutionItems) = preProject
		scripts\add_migration.sh = scripts\add_migration.sh
		scripts\remove_migration.sh = scripts\remove_migration.sh
	EndProjectSection
EndProject
Project("{2150E333-8FDC-42A3-9474-1A3956D46DE8}") = "github", "github", "{DAFD5D38-1576-4A3A-9EB2-67A60CC08091}"
	ProjectSection(SolutionItems) = preProject
		CODE_OF_CONDUCT.md = CODE_OF_CONDUCT.md
		README.md = README.md
		docs\SECURITY.md = docs\SECURITY.md
		docs\CONTRIBUTING.md = docs\CONTRIBUTING.md
	EndProjectSection
EndProject
Project("{2150E333-8FDC-42A3-9474-1A3956D46DE8}") = "ISSUE_TEMPLATE", "ISSUE_TEMPLATE", "{D0475EB5-C1D6-4775-9078-F4FEE2BA9A68}"
	ProjectSection(SolutionItems) = preProject
		.github\ISSUE_TEMPLATE\feature_request.md = .github\ISSUE_TEMPLATE\feature_request.md
		.github\ISSUE_TEMPLATE\bug_report.md = .github\ISSUE_TEMPLATE\bug_report.md
		.github\ISSUE_TEMPLATE\custom.md = .github\ISSUE_TEMPLATE\custom.md
	EndProjectSection
EndProject
Global
	GlobalSection(SolutionConfigurationPlatforms) = preSolution
		Debug|Any CPU = Debug|Any CPU
		Release|Any CPU = Release|Any CPU
	EndGlobalSection
	GlobalSection(ProjectConfigurationPlatforms) = postSolution
		{AA880E90-5BB0-4767-8C4F-B265D6E3D9DC}.Debug|Any CPU.ActiveCfg = Debug|Any CPU
		{AA880E90-5BB0-4767-8C4F-B265D6E3D9DC}.Debug|Any CPU.Build.0 = Debug|Any CPU
		{AA880E90-5BB0-4767-8C4F-B265D6E3D9DC}.Release|Any CPU.ActiveCfg = Release|Any CPU
		{AA880E90-5BB0-4767-8C4F-B265D6E3D9DC}.Release|Any CPU.Build.0 = Release|Any CPU
		{ABFA1073-DEC6-4BA8-8E40-ABE8CD288C29}.Debug|Any CPU.ActiveCfg = Debug|Any CPU
		{ABFA1073-DEC6-4BA8-8E40-ABE8CD288C29}.Debug|Any CPU.Build.0 = Debug|Any CPU
		{ABFA1073-DEC6-4BA8-8E40-ABE8CD288C29}.Release|Any CPU.ActiveCfg = Release|Any CPU
		{ABFA1073-DEC6-4BA8-8E40-ABE8CD288C29}.Release|Any CPU.Build.0 = Release|Any CPU
		{E597A803-AACE-4FFA-860B-975B16155FEB}.Debug|Any CPU.ActiveCfg = Debug|Any CPU
		{E597A803-AACE-4FFA-860B-975B16155FEB}.Debug|Any CPU.Build.0 = Debug|Any CPU
		{E597A803-AACE-4FFA-860B-975B16155FEB}.Release|Any CPU.ActiveCfg = Release|Any CPU
		{E597A803-AACE-4FFA-860B-975B16155FEB}.Release|Any CPU.Build.0 = Release|Any CPU
	EndGlobalSection
	GlobalSection(NestedProjects) = preSolution
		{AA880E90-5BB0-4767-8C4F-B265D6E3D9DC} = {03461C86-53DE-4246-B369-EDAFAAC99848}
		{A699FC5D-6E34-4DFC-83E2-54B8FC5FD07A} = {D904EF08-8914-40F7-960D-AFFB776D5771}
		{4B90C1DB-6727-4C36-A6F8-D9DED2D80B80} = {D904EF08-8914-40F7-960D-AFFB776D5771}
		{ABFA1073-DEC6-4BA8-8E40-ABE8CD288C29} = {4B90C1DB-6727-4C36-A6F8-D9DED2D80B80}
		{E597A803-AACE-4FFA-860B-975B16155FEB} = {A699FC5D-6E34-4DFC-83E2-54B8FC5FD07A}
		{DAFD5D38-1576-4A3A-9EB2-67A60CC08091} = {8F16194C-EC14-48D4-BAF3-F72BB51594B4}
		{D0475EB5-C1D6-4775-9078-F4FEE2BA9A68} = {DAFD5D38-1576-4A3A-9EB2-67A60CC08091}
	EndGlobalSection
EndGlobal
